
Microsoft Visual Studio Solution File, Format Version 12.00
# Visual Studio Version 17
VisualStudioVersion = 17.5.002.0
MinimumVisualStudioVersion = 10.0.40219.1
Project("{9A19103F-16F7-4668-BE54-9A1E7A4F7556}") = "web", "web.csproj", "{AE931635-2974-4864-BFD3-082E7C2E60CB}"
EndProject
Global
	GlobalSection(SolutionConfigurationPlatforms) = preSolution
		Debug|Any CPU = Debug|Any CPU
		Release|Any CPU = Release|Any CPU
	EndGlobalSection
	GlobalSection(ProjectConfigurationPlatforms) = postSolution
		{AE931635-2974-4864-BFD3-082E7C2E60CB}.Debug|Any CPU.ActiveCfg = Debug|Any CPU
		{AE931635-2974-4864-BFD3-082E7C2E60CB}.Debug|Any CPU.Build.0 = Debug|Any CPU
		{AE931635-2974-4864-BFD3-082E7C2E60CB}.Release|Any CPU.ActiveCfg = Release|Any CPU
		{AE931635-2974-4864-BFD3-082E7C2E60CB}.Release|Any CPU.Build.0 = Release|Any CPU
	EndGlobalSection
	GlobalSection(SolutionProperties) = preSolution
		HideSolutionNode = FALSE
	EndGlobalSection
	GlobalSection(ExtensibilityGlobals) = postSolution
		SolutionGuid = {BCBF2D83-C36B-436D-B7AD-6A5B00E3D9D8}
	EndGlobalSection
EndGlobal
